{
  "name": "spa-analytics-wrapper",
  "version": "1.0.8",
  "lockfileVersion": 1,
  "requires": true,
  "dependencies": {
    "@sentry/browser": {
      "version": "5.7.1",
      "resolved": "https://registry.npmjs.org/@sentry/browser/-/browser-5.7.1.tgz",
      "integrity": "sha512-K0x1XhsHS8PPdtlVOLrKZyYvi5Vexs9WApdd214bO6KaGF296gJvH1mG8XOY0+7aA5i2A7T3ttcaJNDYS49lzw==",
      "requires": {
        "@sentry/core": "5.7.1",
        "@sentry/types": "5.7.1",
        "@sentry/utils": "5.7.1",
        "tslib": "^1.9.3"
      }
    },
    "@sentry/core": {
      "version": "5.7.1",
      "resolved": "https://registry.npmjs.org/@sentry/core/-/core-5.7.1.tgz",
      "integrity": "sha512-AOn3k3uVWh2VyajcHbV9Ta4ieDIeLckfo7UMLM+CTk2kt7C89SayDGayJMSsIrsZlL4qxBoLB9QY4W2FgAGJrg==",
      "requires": {
        "@sentry/hub": "5.7.1",
        "@sentry/minimal": "5.7.1",
        "@sentry/types": "5.7.1",
        "@sentry/utils": "5.7.1",
        "tslib": "^1.9.3"
      }
    },
    "@sentry/hub": {
      "version": "5.7.1",
      "resolved": "https://registry.npmjs.org/@sentry/hub/-/hub-5.7.1.tgz",
      "integrity": "sha512-evGh323WR073WSBCg/RkhlUmCQyzU0xzBzCZPscvcoy5hd4SsLE6t9Zin+WACHB9JFsRQIDwNDn+D+pj3yKsig==",
      "requires": {
        "@sentry/types": "5.7.1",
        "@sentry/utils": "5.7.1",
        "tslib": "^1.9.3"
      }
    },
    "@sentry/minimal": {
      "version": "5.7.1",
      "resolved": "https://registry.npmjs.org/@sentry/minimal/-/minimal-5.7.1.tgz",
      "integrity": "sha512-nS/Dg+jWAZtcxQW8wKbkkw4dYvF6uyY/vDiz/jFCaux0LX0uhgXAC9gMOJmgJ/tYBLJ64l0ca5LzpZa7BMJQ0g==",
      "requires": {
        "@sentry/hub": "5.7.1",
        "@sentry/types": "5.7.1",
        "tslib": "^1.9.3"
      }
    },
    "@sentry/types": {
      "version": "5.7.1",
      "resolved": "https://registry.npmjs.org/@sentry/types/-/types-5.7.1.tgz",
      "integrity": "sha512-tbUnTYlSliXvnou5D4C8Zr+7/wJrHLbpYX1YkLXuIJRU0NSi81bHMroAuHWILcQKWhVjaV/HZzr7Y/hhWtbXVQ=="
    },
    "@sentry/utils": {
      "version": "5.7.1",
      "resolved": "https://registry.npmjs.org/@sentry/utils/-/utils-5.7.1.tgz",
      "integrity": "sha512-nhirUKj/qFLsR1i9kJ5BRvNyzdx/E2vorIsukuDrbo8e3iZ11JMgCOVrmC8Eq9YkHBqgwX4UnrPumjFyvGMZ2Q==",
      "requires": {
        "@sentry/types": "5.7.1",
        "tslib": "^1.9.3"
      }
    },
    "@types/node": {
      "version": "12.12.5",
      "resolved": "https://registry.npmjs.org/@types/node/-/node-12.12.5.tgz",
      "integrity": "sha512-KEjODidV4XYUlJBF3XdjSH5FWoMCtO0utnhtdLf1AgeuZLOrRbvmU/gaRCVg7ZaQDjVf3l84egiY0mRNe5xE4A==",
      "dev": true
    },
    "tslib": {
      "version": "1.10.0",
      "resolved": "https://registry.npmjs.org/tslib/-/tslib-1.10.0.tgz",
      "integrity": "sha512-qOebF53frne81cf0S9B41ByenJ3/IuH8yJKngAX35CmiZySA0khhkovshKK+jGCaMnVomla7gVlIcc3EvKPbTQ=="
    },
    "typescript": {
      "version": "3.6.4",
      "resolved": "https://registry.npmjs.org/typescript/-/typescript-3.6.4.tgz",
      "integrity": "sha512-unoCll1+l+YK4i4F8f22TaNVPRHcD9PA3yCuZ8g5e0qGqlVlJ/8FSateOLLSagn+Yg5+ZwuPkL8LFUc0Jcvksg==",
      "dev": true
    }
  }
}
